
Microsoft Visual Studio Solution File, Format Version 12.00
# Visual Studio Version 16
VisualStudioVersion = 25.0.1706.0
MinimumVisualStudioVersion = 10.0.40219.1
Project("{FAE04EC0-301F-11D3-BF4B-00C04F79EFBC}") = "Test_GreenMoon", "Test_GreenMoon\Test_GreenMoon.csproj", "{B3021461-B8CC-4C1C-9594-5C681B66211D}"
EndProject
Global
	GlobalSection(SolutionConfigurationPlatforms) = preSolution
		Debug|Any CPU = Debug|Any CPU
		Release|Any CPU = Release|Any CPU
	EndGlobalSection
	GlobalSection(ProjectConfigurationPlatforms) = postSolution
		{B3021461-B8CC-4C1C-9594-5C681B66211D}.Debug|Any CPU.ActiveCfg = Debug|Any CPU
		{B3021461-B8CC-4C1C-9594-5C681B66211D}.Debug|Any CPU.Build.0 = Debug|Any CPU
		{B3021461-B8CC-4C1C-9594-5C681B66211D}.Release|Any CPU.ActiveCfg = Release|Any CPU
		{B3021461-B8CC-4C1C-9594-5C681B66211D}.Release|Any CPU.Build.0 = Release|Any CPU
	EndGlobalSection
	GlobalSection(SolutionProperties) = preSolution
		HideSolutionNode = FALSE
	EndGlobalSection
	GlobalSection(ExtensibilityGlobals) = postSolution
		SolutionGuid = {ACF400D5-910A-47E8-835D-269C937FB969}
	EndGlobalSection
EndGlobal
